
Microsoft Visual Studio Solution File, Format Version 12.00
# Visual Studio Version 17
VisualStudioVersion = 17.5.002.0
MinimumVisualStudioVersion = 10.0.40219.1
Project("{2150E333-8FDC-42A3-9474-1A3956D46DE8}") = "csharp-prep", "csharp-prep", "{24B9C221-B2EB-439B-A95A-3C492AF0F899}"
EndProject
Project("{9A19103F-16F7-4668-BE54-9A1E7A4F7556}") = "Prep1", "csharp-prep\Prep1\Prep1.csproj", "{6FFD0BBE-6B79-4762-AD23-238F98D4C5FC}"
EndProject
Project("{9A19103F-16F7-4668-BE54-9A1E7A4F7556}") = "Prep2", "csharp-prep\Prep2\Prep2.csproj", "{DC6D816D-164C-4775-A540-9B9F7F453139}"
EndProject
Project("{9A19103F-16F7-4668-BE54-9A1E7A4F7556}") = "Prep3", "csharp-prep\Prep3\Prep3.csproj", "{CBA40239-6DDB-41D6-8168-FDC9D35DB497}"
EndProject
Project("{9A19103F-16F7-4668-BE54-9A1E7A4F7556}") = "Prep4", "csharp-prep\Prep4\Prep4.csproj", "{590A5846-89FE-4AA9-9596-7D9989F369BB}"
EndProject
Project("{9A19103F-16F7-4668-BE54-9A1E7A4F7556}") = "Prep5", "csharp-prep\Prep5\Prep5.csproj", "{2DE58CD1-233A-43F6-9EFC-596F2096F746}"
EndProject
Project("{2150E333-8FDC-42A3-9474-1A3956D46DE8}") = "final", "final", "{A7240C7E-2C02-46C4-A417-FA8EE2153BE4}"
EndProject
Project("{9A19103F-16F7-4668-BE54-9A1E7A4F7556}") = "FinalProject", "final\FinalProject\FinalProject.csproj", "{EFE1BDD4-FC2C-4406-AE66-33D9B7DF27BB}"
EndProject
Project("{9A19103F-16F7-4668-BE54-9A1E7A4F7556}") = "Foundation1", "final\Foundation1\Foundation1.csproj", "{B5F3AAF0-F035-4E73-8FEE-ED02A909EBB6}"
EndProject
Project("{9A19103F-16F7-4668-BE54-9A1E7A4F7556}") = "Foundation2", "final\Foundation2\Foundation2.csproj", "{C40BEC97-99A2-48F2-966A-0917FCDA90CE}"
EndProject
Project("{9A19103F-16F7-4668-BE54-9A1E7A4F7556}") = "Foundation3", "final\Foundation3\Foundation3.csproj", "{BC50B6A5-A894-4699-89FA-F92AEE287FBB}"
EndProject
Project("{9A19103F-16F7-4668-BE54-9A1E7A4F7556}") = "Foundation4", "final\Foundation4\Foundation4.csproj", "{C7B5D4EC-39ED-4103-A0A8-365A1BB82B5A}"
EndProject
Project("{2150E333-8FDC-42A3-9474-1A3956D46DE8}") = "prepare", "prepare", "{C8E827D3-C0D8-4746-864A-BCAD26738969}"
EndProject
Project("{9A19103F-16F7-4668-BE54-9A1E7A4F7556}") = "Learning02", "prepare\Learning02\Learning02.csproj", "{28BE92BB-F133-4121-AE6F-05D01AAEA3F0}"
EndProject
Project("{9A19103F-16F7-4668-BE54-9A1E7A4F7556}") = "Learning03", "prepare\Learning03\Learning03.csproj", "{6E7C47F6-5B98-41DE-A779-5E823EA56A76}"
EndProject
Project("{9A19103F-16F7-4668-BE54-9A1E7A4F7556}") = "Learning04", "prepare\Learning04\Learning04.csproj", "{785D90D9-2066-4470-B0BA-06D9C4A3938D}"
EndProject
Project("{9A19103F-16F7-4668-BE54-9A1E7A4F7556}") = "Learning05", "prepare\Learning05\Learning05.csproj", "{157B6A56-683E-4328-BCAD-6C8FB423E3C9}"
EndProject
Project("{2150E333-8FDC-42A3-9474-1A3956D46DE8}") = "prove", "prove", "{C279722F-E20B-46BF-A902-95CA64771F98}"
EndProject
Project("{9A19103F-16F7-4668-BE54-9A1E7A4F7556}") = "Develop02", "prove\Develop02\Develop02.csproj", "{6E13E863-9728-4480-9036-D2DFD5E5F5F4}"
EndProject
Project("{9A19103F-16F7-4668-BE54-9A1E7A4F7556}") = "Develop03", "prove\Develop03\Develop03.csproj", "{DC3311A2-3AB6-4873-B62A-14F14F1165B8}"
EndProject
Project("{9A19103F-16F7-4668-BE54-9A1E7A4F7556}") = "Develop04", "prove\Develop04\Develop04.csproj", "{0849377A-8173-4A26-AB80-5F2B89009835}"
EndProject
Project("{9A19103F-16F7-4668-BE54-9A1E7A4F7556}") = "Develop05", "prove\Develop05\Develop05.csproj", "{4C9AA5BE-0A87-4484-9475-D1011ED18E63}"
EndProject
Project("{2150E333-8FDC-42A3-9474-1A3956D46DE8}") = "sandbox", "sandbox", "{A17546E0-B362-4B19-BC16-9A58012E919B}"
EndProject
Project("{9A19103F-16F7-4668-BE54-9A1E7A4F7556}") = "Sandbox", "sandbox\Sandbox\Sandbox.csproj", "{87332834-02B7-449D-8B3B-C0C9EEE33435}"
EndProject
Global
	GlobalSection(SolutionConfigurationPlatforms) = preSolution
		Debug|Any CPU = Debug|Any CPU
		Release|Any CPU = Release|Any CPU
	EndGlobalSection
	GlobalSection(ProjectConfigurationPlatforms) = postSolution
		{6FFD0BBE-6B79-4762-AD23-238F98D4C5FC}.Debug|Any CPU.ActiveCfg = Debug|Any CPU
		{6FFD0BBE-6B79-4762-AD23-238F98D4C5FC}.Debug|Any CPU.Build.0 = Debug|Any CPU
		{6FFD0BBE-6B79-4762-AD23-238F98D4C5FC}.Release|Any CPU.ActiveCfg = Release|Any CPU
		{6FFD0BBE-6B79-4762-AD23-238F98D4C5FC}.Release|Any CPU.Build.0 = Release|Any CPU
		{DC6D816D-164C-4775-A540-9B9F7F453139}.Debug|Any CPU.ActiveCfg = Debug|Any CPU
		{DC6D816D-164C-4775-A540-9B9F7F453139}.Debug|Any CPU.Build.0 = Debug|Any CPU
		{DC6D816D-164C-4775-A540-9B9F7F453139}.Release|Any CPU.ActiveCfg = Release|Any CPU
		{DC6D816D-164C-4775-A540-9B9F7F453139}.Release|Any CPU.Build.0 = Release|Any CPU
		{CBA40239-6DDB-41D6-8168-FDC9D35DB497}.Debug|Any CPU.ActiveCfg = Debug|Any CPU
		{CBA40239-6DDB-41D6-8168-FDC9D35DB497}.Debug|Any CPU.Build.0 = Debug|Any CPU
		{CBA40239-6DDB-41D6-8168-FDC9D35DB497}.Release|Any CPU.ActiveCfg = Release|Any CPU
		{CBA40239-6DDB-41D6-8168-FDC9D35DB497}.Release|Any CPU.Build.0 = Release|Any CPU
		{590A5846-89FE-4AA9-9596-7D9989F369BB}.Debug|Any CPU.ActiveCfg = Debug|Any CPU
		{590A5846-89FE-4AA9-9596-7D9989F369BB}.Debug|Any CPU.Build.0 = Debug|Any CPU
		{590A5846-89FE-4AA9-9596-7D9989F369BB}.Release|Any CPU.ActiveCfg = Release|Any CPU
		{590A5846-89FE-4AA9-9596-7D9989F369BB}.Release|Any CPU.Build.0 = Release|Any CPU
		{2DE58CD1-233A-43F6-9EFC-596F2096F746}.Debug|Any CPU.ActiveCfg = Debug|Any CPU
		{2DE58CD1-233A-43F6-9EFC-596F2096F746}.Debug|Any CPU.Build.0 = Debug|Any CPU
		{2DE58CD1-233A-43F6-9EFC-596F2096F746}.Release|Any CPU.ActiveCfg = Release|Any CPU
		{2DE58CD1-233A-43F6-9EFC-596F2096F746}.Release|Any CPU.Build.0 = Release|Any CPU
		{EFE1BDD4-FC2C-4406-AE66-33D9B7DF27BB}.Debug|Any CPU.ActiveCfg = Debug|Any CPU
		{EFE1BDD4-FC2C-4406-AE66-33D9B7DF27BB}.Debug|Any CPU.Build.0 = Debug|Any CPU
		{EFE1BDD4-FC2C-4406-AE66-33D9B7DF27BB}.Release|Any CPU.ActiveCfg = Release|Any CPU
		{EFE1BDD4-FC2C-4406-AE66-33D9B7DF27BB}.Release|Any CPU.Build.0 = Release|Any CPU
		{B5F3AAF0-F035-4E73-8FEE-ED02A909EBB6}.Debug|Any CPU.ActiveCfg = Debug|Any CPU
		{B5F3AAF0-F035-4E73-8FEE-ED02A909EBB6}.Debug|Any CPU.Build.0 = Debug|Any CPU
		{B5F3AAF0-F035-4E73-8FEE-ED02A909EBB6}.Release|Any CPU.ActiveCfg = Release|Any CPU
		{B5F3AAF0-F035-4E73-8FEE-ED02A909EBB6}.Release|Any CPU.Build.0 = Release|Any CPU
		{C40BEC97-99A2-48F2-966A-0917FCDA90CE}.Debug|Any CPU.ActiveCfg = Debug|Any CPU
		{C40BEC97-99A2-48F2-966A-0917FCDA90CE}.Debug|Any CPU.Build.0 = Debug|Any CPU
		{C40BEC97-99A2-48F2-966A-0917FCDA90CE}.Release|Any CPU.ActiveCfg = Release|Any CPU
		{C40BEC97-99A2-48F2-966A-0917FCDA90CE}.Release|Any CPU.Build.0 = Release|Any CPU
		{BC50B6A5-A894-4699-89FA-F92AEE287FBB}.Debug|Any CPU.ActiveCfg = Debug|Any CPU
		{BC50B6A5-A894-4699-89FA-F92AEE287FBB}.Debug|Any CPU.Build.0 = Debug|Any CPU
		{BC50B6A5-A894-4699-89FA-F92AEE287FBB}.Release|Any CPU.ActiveCfg = Release|Any CPU
		{BC50B6A5-A894-4699-89FA-F92AEE287FBB}.Release|Any CPU.Build.0 = Release|Any CPU
		{C7B5D4EC-39ED-4103-A0A8-365A1BB82B5A}.Debug|Any CPU.ActiveCfg = Debug|Any CPU
		{C7B5D4EC-39ED-4103-A0A8-365A1BB82B5A}.Debug|Any CPU.Build.0 = Debug|Any CPU
		{C7B5D4EC-39ED-4103-A0A8-365A1BB82B5A}.Release|Any CPU.ActiveCfg = Release|Any CPU
		{C7B5D4EC-39ED-4103-A0A8-365A1BB82B5A}.Release|Any CPU.Build.0 = Release|Any CPU
		{28BE92BB-F133-4121-AE6F-05D01AAEA3F0}.Debug|Any CPU.ActiveCfg = Debug|Any CPU
		{28BE92BB-F133-4121-AE6F-05D01AAEA3F0}.Debug|Any CPU.Build.0 = Debug|Any CPU
		{28BE92BB-F133-4121-AE6F-05D01AAEA3F0}.Release|Any CPU.ActiveCfg = Release|Any CPU
		{28BE92BB-F133-4121-AE6F-05D01AAEA3F0}.Release|Any CPU.Build.0 = Release|Any CPU
		{6E7C47F6-5B98-41DE-A779-5E823EA56A76}.Debug|Any CPU.ActiveCfg = Debug|Any CPU
		{6E7C47F6-5B98-41DE-A779-5E823EA56A76}.Debug|Any CPU.Build.0 = Debug|Any CPU
		{6E7C47F6-5B98-41DE-A779-5E823EA56A76}.Release|Any CPU.ActiveCfg = Release|Any CPU
		{6E7C47F6-5B98-41DE-A779-5E823EA56A76}.Release|Any CPU.Build.0 = Release|Any CPU
		{785D90D9-2066-4470-B0BA-06D9C4A3938D}.Debug|Any CPU.ActiveCfg = Debug|Any CPU
		{785D90D9-2066-4470-B0BA-06D9C4A3938D}.Debug|Any CPU.Build.0 = Debug|Any CPU
		{785D90D9-2066-4470-B0BA-06D9C4A3938D}.Release|Any CPU.ActiveCfg = Release|Any CPU
		{785D90D9-2066-4470-B0BA-06D9C4A3938D}.Release|Any CPU.Build.0 = Release|Any CPU
		{157B6A56-683E-4328-BCAD-6C8FB423E3C9}.Debug|Any CPU.ActiveCfg = Debug|Any CPU
		{157B6A56-683E-4328-BCAD-6C8FB423E3C9}.Debug|Any CPU.Build.0 = Debug|Any CPU
		{157B6A56-683E-4328-BCAD-6C8FB423E3C9}.Release|Any CPU.ActiveCfg = Release|Any CPU
		{157B6A56-683E-4328-BCAD-6C8FB423E3C9}.Release|Any CPU.Build.0 = Release|Any CPU
		{6E13E863-9728-4480-9036-D2DFD5E5F5F4}.Debug|Any CPU.ActiveCfg = Debug|Any CPU
		{6E13E863-9728-4480-9036-D2DFD5E5F5F4}.Debug|Any CPU.Build.0 = Debug|Any CPU
		{6E13E863-9728-4480-9036-D2DFD5E5F5F4}.Release|Any CPU.ActiveCfg = Release|Any CPU
		{6E13E863-9728-4480-9036-D2DFD5E5F5F4}.Release|Any CPU.Build.0 = Release|Any CPU
		{DC3311A2-3AB6-4873-B62A-14F14F1165B8}.Debug|Any CPU.ActiveCfg = Debug|Any CPU
		{DC3311A2-3AB6-4873-B62A-14F14F1165B8}.Debug|Any CPU.Build.0 = Debug|Any CPU
		{DC3311A2-3AB6-4873-B62A-14F14F1165B8}.Release|Any CPU.ActiveCfg = Release|Any CPU
		{DC3311A2-3AB6-4873-B62A-14F14F1165B8}.Release|Any CPU.Build.0 = Release|Any CPU
		{0849377A-8173-4A26-AB80-5F2B89009835}.Debug|Any CPU.ActiveCfg = Debug|Any CPU
		{0849377A-8173-4A26-AB80-5F2B89009835}.Debug|Any CPU.Build.0 = Debug|Any CPU
		{0849377A-8173-4A26-AB80-5F2B89009835}.Release|Any CPU.ActiveCfg = Release|Any CPU
		{0849377A-8173-4A26-AB80-5F2B89009835}.Release|Any CPU.Build.0 = Release|Any CPU
		{4C9AA5BE-0A87-4484-9475-D1011ED18E63}.Debug|Any CPU.ActiveCfg = Debug|Any CPU
		{4C9AA5BE-0A87-4484-9475-D1011ED18E63}.Debug|Any CPU.Build.0 = Debug|Any CPU
		{4C9AA5BE-0A87-4484-9475-D1011ED18E63}.Release|Any CPU.ActiveCfg = Release|Any CPU
		{4C9AA5BE-0A87-4484-9475-D1011ED18E63}.Release|Any CPU.Build.0 = Release|Any CPU
		{87332834-02B7-449D-8B3B-C0C9EEE33435}.Debug|Any CPU.ActiveCfg = Debug|Any CPU
		{87332834-02B7-449D-8B3B-C0C9EEE33435}.Debug|Any CPU.Build.0 = Debug|Any CPU
		{87332834-02B7-449D-8B3B-C0C9EEE33435}.Release|Any CPU.ActiveCfg = Release|Any CPU
		{87332834-02B7-449D-8B3B-C0C9EEE33435}.Release|Any CPU.Build.0 = Release|Any CPU
	EndGlobalSection
	GlobalSection(SolutionProperties) = preSolution
		HideSolutionNode = FALSE
	EndGlobalSection
	GlobalSection(NestedProjects) = preSolution
		{6FFD0BBE-6B79-4762-AD23-238F98D4C5FC} = {24B9C221-B2EB-439B-A95A-3C492AF0F899}
		{DC6D816D-164C-4775-A540-9B9F7F453139} = {24B9C221-B2EB-439B-A95A-3C492AF0F899}
		{CBA40239-6DDB-41D6-8168-FDC9D35DB497} = {24B9C221-B2EB-439B-A95A-3C492AF0F899}
		{590A5846-89FE-4AA9-9596-7D9989F369BB} = {24B9C221-B2EB-439B-A95A-3C492AF0F899}
		{2DE58CD1-233A-43F6-9EFC-596F2096F746} = {24B9C221-B2EB-439B-A95A-3C492AF0F899}
		{EFE1BDD4-FC2C-4406-AE66-33D9B7DF27BB} = {A7240C7E-2C02-46C4-A417-FA8EE2153BE4}
		{B5F3AAF0-F035-4E73-8FEE-ED02A909EBB6} = {A7240C7E-2C02-46C4-A417-FA8EE2153BE4}
		{C40BEC97-99A2-48F2-966A-0917FCDA90CE} = {A7240C7E-2C02-46C4-A417-FA8EE2153BE4}
		{BC50B6A5-A894-4699-89FA-F92AEE287FBB} = {A7240C7E-2C02-46C4-A417-FA8EE2153BE4}
		{C7B5D4EC-39ED-4103-A0A8-365A1BB82B5A} = {A7240C7E-2C02-46C4-A417-FA8EE2153BE4}
		{28BE92BB-F133-4121-AE6F-05D01AAEA3F0} = {C8E827D3-C0D8-4746-864A-BCAD26738969}
		{6E7C47F6-5B98-41DE-A779-5E823EA56A76} = {C8E827D3-C0D8-4746-864A-BCAD26738969}
		{785D90D9-2066-4470-B0BA-06D9C4A3938D} = {C8E827D3-C0D8-4746-864A-BCAD26738969}
		{157B6A56-683E-4328-BCAD-6C8FB423E3C9} = {C8E827D3-C0D8-4746-864A-BCAD26738969}
		{6E13E863-9728-4480-9036-D2DFD5E5F5F4} = {C279722F-E20B-46BF-A902-95CA64771F98}
		{DC3311A2-3AB6-4873-B62A-14F14F1165B8} = {C279722F-E20B-46BF-A902-95CA64771F98}
		{0849377A-8173-4A26-AB80-5F2B89009835} = {C279722F-E20B-46BF-A902-95CA64771F98}
		{4C9AA5BE-0A87-4484-9475-D1011ED18E63} = {C279722F-E20B-46BF-A902-95CA64771F98}
		{87332834-02B7-449D-8B3B-C0C9EEE33435} = {A17546E0-B362-4B19-BC16-9A58012E919B}
	EndGlobalSection
	GlobalSection(ExtensibilityGlobals) = postSolution
		SolutionGuid = {ABA5B5B6-0656-4899-B214-60C33158F1FC}
	EndGlobalSection
EndGlobal
